
Microsoft Visual Studio Solution File, Format Version 12.00
# Visual Studio Version 16
VisualStudioVersion = 16.0.31605.320
MinimumVisualStudioVersion = 10.0.40219.1
Project("{FAE04EC0-301F-11D3-BF4B-00C04F79EFBC}") = "GitSampleConsole", "GitSampleConsole.csproj", "{D8EEF571-C21A-4E74-B3DB-4D7E0541E203}"
EndProject
Global
	GlobalSection(SolutionConfigurationPlatforms) = preSolution
		Debug|Any CPU = Debug|Any CPU
		Release|Any CPU = Release|Any CPU
	EndGlobalSection
	GlobalSection(ProjectConfigurationPlatforms) = postSolution
		{D8EEF571-C21A-4E74-B3DB-4D7E0541E203}.Debug|Any CPU.ActiveCfg = Debug|Any CPU
		{D8EEF571-C21A-4E74-B3DB-4D7E0541E203}.Debug|Any CPU.Build.0 = Debug|Any CPU
		{D8EEF571-C21A-4E74-B3DB-4D7E0541E203}.Release|Any CPU.ActiveCfg = Release|Any CPU
		{D8EEF571-C21A-4E74-B3DB-4D7E0541E203}.Release|Any CPU.Build.0 = Release|Any CPU
	EndGlobalSection
	GlobalSection(SolutionProperties) = preSolution
		HideSolutionNode = FALSE
	EndGlobalSection
	GlobalSection(ExtensibilityGlobals) = postSolution
		SolutionGuid = {BD360EE9-0F04-402A-B946-6FE36791FA40}
	EndGlobalSection
EndGlobal
